
Microsoft Visual Studio Solution File, Format Version 12.00
# Visual Studio 15
Project("{FAE04EC0-301F-11D3-BF4B-00C04F79EFBC}") = "SensorRegister.Gui", "SensorRegister.Gui\SensorRegister.Gui.csproj", "{E521FA9E-F254-4EA7-B55E-4CE50C024613}"
EndProject
Project("{FAE04EC0-301F-11D3-BF4B-00C04F79EFBC}") = "SensorRegister.Core", "SensorRegister.Core\SensorRegister.Core.csproj", "{25238D68-206A-428E-B1FF-21ACE7742EC2}"
EndProject
Global
	GlobalSection(SolutionConfigurationPlatforms) = preSolution
		Debug|Any CPU = Debug|Any CPU
		Release|Any CPU = Release|Any CPU
	EndGlobalSection
	GlobalSection(ProjectConfigurationPlatforms) = postSolution
		{E521FA9E-F254-4EA7-B55E-4CE50C024613}.Debug|Any CPU.ActiveCfg = Debug|Any CPU
		{E521FA9E-F254-4EA7-B55E-4CE50C024613}.Debug|Any CPU.Build.0 = Debug|Any CPU
		{E521FA9E-F254-4EA7-B55E-4CE50C024613}.Release|Any CPU.ActiveCfg = Release|Any CPU
		{E521FA9E-F254-4EA7-B55E-4CE50C024613}.Release|Any CPU.Build.0 = Release|Any CPU
		{25238D68-206A-428E-B1FF-21ACE7742EC2}.Debug|Any CPU.ActiveCfg = Debug|Any CPU
		{25238D68-206A-428E-B1FF-21ACE7742EC2}.Debug|Any CPU.Build.0 = Debug|Any CPU
		{25238D68-206A-428E-B1FF-21ACE7742EC2}.Release|Any CPU.ActiveCfg = Release|Any CPU
		{25238D68-206A-428E-B1FF-21ACE7742EC2}.Release|Any CPU.Build.0 = Release|Any CPU
	EndGlobalSection
EndGlobal
